
Microsoft Visual Studio Solution File, Format Version 12.00
# Visual Studio Version 17
VisualStudioVersion = 17.11.35312.102
MinimumVisualStudioVersion = 10.0.40219.1
Project("{FAE04EC0-301F-11D3-BF4B-00C04F79EFBC}") = "PrimaApplicazione", "PrimaApplicazione\PrimaApplicazione.csproj", "{0F54C078-0C2A-4994-BF02-DFB8165FEBEE}"
EndProject
Global
	GlobalSection(SolutionConfigurationPlatforms) = preSolution
		Debug|Any CPU = Debug|Any CPU
		Release|Any CPU = Release|Any CPU
	EndGlobalSection
	GlobalSection(ProjectConfigurationPlatforms) = postSolution
		{0F54C078-0C2A-4994-BF02-DFB8165FEBEE}.Debug|Any CPU.ActiveCfg = Debug|Any CPU
		{0F54C078-0C2A-4994-BF02-DFB8165FEBEE}.Debug|Any CPU.Build.0 = Debug|Any CPU
		{0F54C078-0C2A-4994-BF02-DFB8165FEBEE}.Release|Any CPU.ActiveCfg = Release|Any CPU
		{0F54C078-0C2A-4994-BF02-DFB8165FEBEE}.Release|Any CPU.Build.0 = Release|Any CPU
	EndGlobalSection
	GlobalSection(SolutionProperties) = preSolution
		HideSolutionNode = FALSE
	EndGlobalSection
	GlobalSection(ExtensibilityGlobals) = postSolution
		SolutionGuid = {BD67B4F0-EE03-4E77-A4A7-12E27985D529}
	EndGlobalSection
EndGlobal
